
Microsoft Visual Studio Solution File, Format Version 12.00
# Visual Studio Version 16
VisualStudioVersion = 16.0.31019.35
MinimumVisualStudioVersion = 10.0.40219.1
Project("{FAE04EC0-301F-11D3-BF4B-00C04F79EFBC}") = "Etapa2", "Etapa2\Etapa2.csproj", "{4DE47D8B-64DF-4664-8E0E-D36152276E2E}"
EndProject
Global
	GlobalSection(SolutionConfigurationPlatforms) = preSolution
		Debug|Any CPU = Debug|Any CPU
		Release|Any CPU = Release|Any CPU
	EndGlobalSection
	GlobalSection(ProjectConfigurationPlatforms) = postSolution
		{4DE47D8B-64DF-4664-8E0E-D36152276E2E}.Debug|Any CPU.ActiveCfg = Debug|Any CPU
		{4DE47D8B-64DF-4664-8E0E-D36152276E2E}.Debug|Any CPU.Build.0 = Debug|Any CPU
		{4DE47D8B-64DF-4664-8E0E-D36152276E2E}.Release|Any CPU.ActiveCfg = Release|Any CPU
		{4DE47D8B-64DF-4664-8E0E-D36152276E2E}.Release|Any CPU.Build.0 = Release|Any CPU
	EndGlobalSection
	GlobalSection(SolutionProperties) = preSolution
		HideSolutionNode = FALSE
	EndGlobalSection
	GlobalSection(ExtensibilityGlobals) = postSolution
		SolutionGuid = {BC77B6BD-286D-41AE-9642-6509407FC734}
	EndGlobalSection
EndGlobal
